
Microsoft Visual Studio Solution File, Format Version 12.00
# Visual Studio Version 16
VisualStudioVersion = 16.0.30406.217
MinimumVisualStudioVersion = 10.0.40219.1
Project("{FAE04EC0-301F-11D3-BF4B-00C04F79EFBC}") = "PulishClient", "PulishClient\PulishClient.csproj", "{2DC7E06F-9B52-4131-865E-9E1AEB474048}"
EndProject
Project("{FAE04EC0-301F-11D3-BF4B-00C04F79EFBC}") = "SubscribeClient", "SubscribeClient\SubscribeClient.csproj", "{630EB052-FA05-40B6-AC90-C211E22BDF70}"
EndProject
Global
	GlobalSection(SolutionConfigurationPlatforms) = preSolution
		Debug|Any CPU = Debug|Any CPU
		Release|Any CPU = Release|Any CPU
	EndGlobalSection
	GlobalSection(ProjectConfigurationPlatforms) = postSolution
		{2DC7E06F-9B52-4131-865E-9E1AEB474048}.Debug|Any CPU.ActiveCfg = Debug|Any CPU
		{2DC7E06F-9B52-4131-865E-9E1AEB474048}.Debug|Any CPU.Build.0 = Debug|Any CPU
		{2DC7E06F-9B52-4131-865E-9E1AEB474048}.Release|Any CPU.ActiveCfg = Release|Any CPU
		{2DC7E06F-9B52-4131-865E-9E1AEB474048}.Release|Any CPU.Build.0 = Release|Any CPU
		{630EB052-FA05-40B6-AC90-C211E22BDF70}.Debug|Any CPU.ActiveCfg = Debug|Any CPU
		{630EB052-FA05-40B6-AC90-C211E22BDF70}.Debug|Any CPU.Build.0 = Debug|Any CPU
		{630EB052-FA05-40B6-AC90-C211E22BDF70}.Release|Any CPU.ActiveCfg = Release|Any CPU
		{630EB052-FA05-40B6-AC90-C211E22BDF70}.Release|Any CPU.Build.0 = Release|Any CPU
	EndGlobalSection
	GlobalSection(SolutionProperties) = preSolution
		HideSolutionNode = FALSE
	EndGlobalSection
	GlobalSection(ExtensibilityGlobals) = postSolution
		SolutionGuid = {DC4B7367-084C-43DD-AC56-87679A073CFB}
	EndGlobalSection
EndGlobal
